// !$*UTF8*$!
{
	archiveVersion = 1;
	classes = {
	};
	objectVersion = 56;
	objects = {

/* Begin PBXBuildFile section */
		3DB34CF72A64C0E100B2B3DE /* AppDelegate.swift in Sources */ = {isa = PBXBuildFile; fileRef = 3DB34CF62A64C0E100B2B3DE /* AppDelegate.swift */; };
		3DB34CF92A64C0E100B2B3DE /* SceneDelegate.swift in Sources */ = {isa = PBXBuildFile; fileRef = 3DB34CF82A64C0E100B2B3DE /* SceneDelegate.swift */; };
		3DB34CFB2A64C0E100B2B3DE /* ViewController.swift in Sources */ = {isa = PBXBuildFile; fileRef = 3DB34CFA2A64C0E100B2B3DE /* ViewController.swift */; };
		3DB34CFE2A64C0E100B2B3DE /* Main.storyboard in Resources */ = {isa = PBXBuildFile; fileRef = 3DB34CFC2A64C0E100B2B3DE /* Main.storyboard */; };
		3DB34D002A64C0E300B2B3DE /* Assets.xcassets in Resources */ = {isa = PBXBuildFile; fileRef = 3DB34CFF2A64C0E300B2B3DE /* Assets.xcassets */; };
		3DB34D032A64C0E300B2B3DE /* LaunchScreen.storyboard in Resources */ = {isa = PBXBuildFile; fileRef = 3DB34D012A64C0E300B2B3DE /* LaunchScreen.storyboard */; };
		3DB34D0B2A68C2DC00B2B3DE /* HomeTableViewHeader.xib in Resources */ = {isa = PBXBuildFile; fileRef = 3DB34D0A2A68C2DC00B2B3DE /* HomeTableViewHeader.xib */; };
		3DB34D0D2A68C65500B2B3DE /* HomeTableViewHeader.swift in Sources */ = {isa = PBXBuildFile; fileRef = 3DB34D0C2A68C65500B2B3DE /* HomeTableViewHeader.swift */; };
		3DB34D162A6F296100B2B3DE /* ViagemTableViewCell.swift in Sources */ = {isa = PBXBuildFile; fileRef = 3DB34D142A6F296100B2B3DE /* ViagemTableViewCell.swift */; };
		3DB34D172A6F296100B2B3DE /* ViagemTableViewCell.xib in Resources */ = {isa = PBXBuildFile; fileRef = 3DB34D152A6F296100B2B3DE /* ViagemTableViewCell.xib */; };
/* End PBXBuildFile section */

/* Begin PBXFileReference section */
		3DB34CF32A64C0E100B2B3DE /* swift-tutorial-layout.app */ = {isa = PBXFileReference; explicitFileType = wrapper.application; includeInIndex = 0; path = "swift-tutorial-layout.app"; sourceTree = BUILT_PRODUCTS_DIR; };
		3DB34CF62A64C0E100B2B3DE /* AppDelegate.swift */ = {isa = PBXFileReference; lastKnownFileType = sourcecode.swift; path = AppDelegate.swift; sourceTree = "<group>"; };
		3DB34CF82A64C0E100B2B3DE /* SceneDelegate.swift */ = {isa = PBXFileReference; lastKnownFileType = sourcecode.swift; path = SceneDelegate.swift; sourceTree = "<group>"; };
		3DB34CFA2A64C0E100B2B3DE /* ViewController.swift */ = {isa = PBXFileReference; lastKnownFileType = sourcecode.swift; path = ViewController.swift; sourceTree = "<group>"; };
		3DB34CFD2A64C0E100B2B3DE /* Base */ = {isa = PBXFileReference; lastKnownFileType = file.storyboard; name = Base; path = Base.lproj/Main.storyboard; sourceTree = "<group>"; };
		3DB34CFF2A64C0E300B2B3DE /* Assets.xcassets */ = {isa = PBXFileReference; lastKnownFileType = folder.assetcatalog; path = Assets.xcassets; sourceTree = "<group>"; };
		3DB34D022A64C0E300B2B3DE /* Base */ = {isa = PBXFileReference; lastKnownFileType = file.storyboard; name = Base; path = Base.lproj/LaunchScreen.storyboard; sourceTree = "<group>"; };
		3DB34D042A64C0E300B2B3DE /* Info.plist */ = {isa = PBXFileReference; lastKnownFileType = text.plist.xml; path = Info.plist; sourceTree = "<group>"; };
		3DB34D0A2A68C2DC00B2B3DE /* HomeTableViewHeader.xib */ = {isa = PBXFileReference; lastKnownFileType = file.xib; path = HomeTableViewHeader.xib; sourceTree = "<group>"; };
		3DB34D0C2A68C65500B2B3DE /* HomeTableViewHeader.swift */ = {isa = PBXFileReference; lastKnownFileType = sourcecode.swift; path = HomeTableViewHeader.swift; sourceTree = "<group>"; };
		3DB34D142A6F296100B2B3DE /* ViagemTableViewCell.swift */ = {isa = PBXFileReference; lastKnownFileType = sourcecode.swift; path = ViagemTableViewCell.swift; sourceTree = "<group>"; };
		3DB34D152A6F296100B2B3DE /* ViagemTableViewCell.xib */ = {isa = PBXFileReference; lastKnownFileType = file.xib; path = ViagemTableViewCell.xib; sourceTree = "<group>"; };
/* End PBXFileReference section */

/* Begin PBXFrameworksBuildPhase section */
		3DB34CF02A64C0E100B2B3DE /* Frameworks */ = {
			isa = PBXFrameworksBuildPhase;
			buildActionMask = 2147483647;
			files = (
			);
			runOnlyForDeploymentPostprocessing = 0;
		};
/* End PBXFrameworksBuildPhase section */

/* Begin PBXGroup section */
		3DB34CEA2A64C0E100B2B3DE = {
			isa = PBXGroup;
			children = (
				3DB34CF52A64C0E100B2B3DE /* swift-tutorial-layout */,
				3DB34CF42A64C0E100B2B3DE /* Products */,
			);
			sourceTree = "<group>";
		};
		3DB34CF42A64C0E100B2B3DE /* Products */ = {
			isa = PBXGroup;
			children = (
				3DB34CF32A64C0E100B2B3DE /* swift-tutorial-layout.app */,
			);
			name = Products;
			sourceTree = "<group>";
		};
		3DB34CF52A64C0E100B2B3DE /* swift-tutorial-layout */ = {
			isa = PBXGroup;
			children = (
				3DB34D0E2A6B4EBF00B2B3DE /* AppDelegate */,
				3DB34D0F2A6B4ED600B2B3DE /* Model */,
				3DB34D102A6B4EF500B2B3DE /* View */,
				3DB34D122A6B4F6200B2B3DE /* ViewModel */,
				3DB34CFF2A64C0E300B2B3DE /* Assets.xcassets */,
				3DB34D012A64C0E300B2B3DE /* LaunchScreen.storyboard */,
				3DB34D042A64C0E300B2B3DE /* Info.plist */,
			);
			path = "swift-tutorial-layout";
			sourceTree = "<group>";
		};
		3DB34D0E2A6B4EBF00B2B3DE /* AppDelegate */ = {
			isa = PBXGroup;
			children = (
				3DB34CF62A64C0E100B2B3DE /* AppDelegate.swift */,
				3DB34CF82A64C0E100B2B3DE /* SceneDelegate.swift */,
			);
			path = AppDelegate;
			sourceTree = "<group>";
		};
		3DB34D0F2A6B4ED600B2B3DE /* Model */ = {
			isa = PBXGroup;
			children = (
			);
			path = Model;
			sourceTree = "<group>";
		};
		3DB34D102A6B4EF500B2B3DE /* View */ = {
			isa = PBXGroup;
			children = (
				3DB34CFC2A64C0E100B2B3DE /* Main.storyboard */,
				3DB34CFA2A64C0E100B2B3DE /* ViewController.swift */,
				3DB34D112A6B4F2400B2B3DE /* Header */,
				3DB34D132A6F28FD00B2B3DE /* Cells */,
			);
			path = View;
			sourceTree = "<group>";
		};
		3DB34D112A6B4F2400B2B3DE /* Header */ = {
			isa = PBXGroup;
			children = (
				3DB34D0A2A68C2DC00B2B3DE /* HomeTableViewHeader.xib */,
				3DB34D0C2A68C65500B2B3DE /* HomeTableViewHeader.swift */,
			);
			path = Header;
			sourceTree = "<group>";
		};
		3DB34D122A6B4F6200B2B3DE /* ViewModel */ = {
			isa = PBXGroup;
			children = (
			);
			path = ViewModel;
			sourceTree = "<group>";
		};
		3DB34D132A6F28FD00B2B3DE /* Cells */ = {
			isa = PBXGroup;
			children = (
				3DB34D142A6F296100B2B3DE /* ViagemTableViewCell.swift */,
				3DB34D152A6F296100B2B3DE /* ViagemTableViewCell.xib */,
			);
			path = Cells;
			sourceTree = "<group>";
		};
/* End PBXGroup section */

/* Begin PBXNativeTarget section */
		3DB34CF22A64C0E100B2B3DE /* swift-tutorial-layout */ = {
			isa = PBXNativeTarget;
			buildConfigurationList = 3DB34D072A64C0E300B2B3DE /* Build configuration list for PBXNativeTarget "swift-tutorial-layout" */;
			buildPhases = (
				3DB34CEF2A64C0E100B2B3DE /* Sources */,
				3DB34CF02A64C0E100B2B3DE /* Frameworks */,
				3DB34CF12A64C0E100B2B3DE /* Resources */,
			);
			buildRules = (
			);
			dependencies = (
			);
			name = "swift-tutorial-layout";
			productName = "swift-tutorial-layout";
			productReference = 3DB34CF32A64C0E100B2B3DE /* swift-tutorial-layout.app */;
			productType = "com.apple.product-type.application";
		};
/* End PBXNativeTarget section */

/* Begin PBXProject section */
		3DB34CEB2A64C0E100B2B3DE /* Project object */ = {
			isa = PBXProject;
			attributes = {
				BuildIndependentTargetsInParallel = 1;
				LastSwiftUpdateCheck = 1430;
				LastUpgradeCheck = 1430;
				TargetAttributes = {
					3DB34CF22A64C0E100B2B3DE = {
						CreatedOnToolsVersion = 14.3.1;
					};
				};
			};
			buildConfigurationList = 3DB34CEE2A64C0E100B2B3DE /* Build configuration list for PBXProject "swift-tutorial-layout" */;
			compatibilityVersion = "Xcode 14.0";
			developmentRegion = en;
			hasScannedForEncodings = 0;
			knownRegions = (
				en,
				Base,
			);
			mainGroup = 3DB34CEA2A64C0E100B2B3DE;
			productRefGroup = 3DB34CF42A64C0E100B2B3DE /* Products */;
			projectDirPath = "";
			projectRoot = "";
			targets = (
				3DB34CF22A64C0E100B2B3DE /* swift-tutorial-layout */,
			);
		};
/* End PBXProject section */

/* Begin PBXResourcesBuildPhase section */
		3DB34CF12A64C0E100B2B3DE /* Resources */ = {
			isa = PBXResourcesBuildPhase;
			buildActionMask = 2147483647;
			files = (
				3DB34D032A64C0E300B2B3DE /* LaunchScreen.storyboard in Resources */,
				3DB34D0B2A68C2DC00B2B3DE /* HomeTableViewHeader.xib in Resources */,
				3DB34D002A64C0E300B2B3DE /* Assets.xcassets in Resources */,
				3DB34CFE2A64C0E100B2B3DE /* Main.storyboard in Resources */,
				3DB34D172A6F296100B2B3DE /* ViagemTableViewCell.xib in Resources */,
			);
			runOnlyForDeploymentPostprocessing = 0;
		};
/* End PBXResourcesBuildPhase section */

/* Begin PBXSourcesBuildPhase section */
		3DB34CEF2A64C0E100B2B3DE /* Sources */ = {
			isa = PBXSourcesBuildPhase;
			buildActionMask = 2147483647;
			files = (
				3DB34CFB2A64C0E100B2B3DE /* ViewController.swift in Sources */,
				3DB34D162A6F296100B2B3DE /* ViagemTableViewCell.swift in Sources */,
				3DB34D0D2A68C65500B2B3DE /* HomeTableViewHeader.swift in Sources */,
				3DB34CF72A64C0E100B2B3DE /* AppDelegate.swift in Sources */,
				3DB34CF92A64C0E100B2B3DE /* SceneDelegate.swift in Sources */,
			);
			runOnlyForDeploymentPostprocessing = 0;
		};
/* End PBXSourcesBuildPhase section */

/* Begin PBXVariantGroup section */
		3DB34CFC2A64C0E100B2B3DE /* Main.storyboard */ = {
			isa = PBXVariantGroup;
			children = (
				3DB34CFD2A64C0E100B2B3DE /* Base */,
			);
			name = Main.storyboard;
			sourceTree = "<group>";
		};
		3DB34D012A64C0E300B2B3DE /* LaunchScreen.storyboard */ = {
			isa = PBXVariantGroup;
			children = (
				3DB34D022A64C0E300B2B3DE /* Base */,
			);
			name = LaunchScreen.storyboard;
			sourceTree = "<group>";
		};
/* End PBXVariantGroup section */

/* Begin XCBuildConfiguration section */
		3DB34D052A64C0E300B2B3DE /* Debug */ = {
			isa = XCBuildConfiguration;
			buildSettings = {
				ALWAYS_SEARCH_USER_PATHS = NO;
				CLANG_ANALYZER_NONNULL = YES;
				CLANG_ANALYZER_NUMBER_OBJECT_CONVERSION = YES_AGGRESSIVE;
				CLANG_CXX_LANGUAGE_STANDARD = "gnu++20";
				CLANG_ENABLE_MODULES = YES;
				CLANG_ENABLE_OBJC_ARC = YES;
				CLANG_ENABLE_OBJC_WEAK = YES;
				CLANG_WARN_BLOCK_CAPTURE_AUTORELEASING = YES;
				CLANG_WARN_BOOL_CONVERSION = YES;
				CLANG_WARN_COMMA = YES;
				CLANG_WARN_CONSTANT_CONVERSION = YES;
				CLANG_WARN_DEPRECATED_OBJC_IMPLEMENTATIONS = YES;
				CLANG_WARN_DIRECT_OBJC_ISA_USAGE = YES_ERROR;
				CLANG_WARN_DOCUMENTATION_COMMENTS = YES;
				CLANG_WARN_EMPTY_BODY = YES;
				CLANG_WARN_ENUM_CONVERSION = YES;
				CLANG_WARN_INFINITE_RECURSION = YES;
				CLANG_WARN_INT_CONVERSION = YES;
				CLANG_WARN_NON_LITERAL_NULL_CONVERSION = YES;
				CLANG_WARN_OBJC_IMPLICIT_RETAIN_SELF = YES;
				CLANG_WARN_OBJC_LITERAL_CONVERSION = YES;
				CLANG_WARN_OBJC_ROOT_CLASS = YES_ERROR;
				CLANG_WARN_QUOTED_INCLUDE_IN_FRAMEWORK_HEADER = YES;
				CLANG_WARN_RANGE_LOOP_ANALYSIS = YES;
				CLANG_WARN_STRICT_PROTOTYPES = YES;
				CLANG_WARN_SUSPICIOUS_MOVE = YES;
				CLANG_WARN_UNGUARDED_AVAILABILITY = YES_AGGRESSIVE;
				CLANG_WARN_UNREACHABLE_CODE = YES;
				CLANG_WARN__DUPLICATE_METHOD_MATCH = YES;
				COPY_PHASE_STRIP = NO;
				DEBUG_INFORMATION_FORMAT = dwarf;
				ENABLE_STRICT_OBJC_MSGSEND = YES;
				ENABLE_TESTABILITY = YES;
				GCC_C_LANGUAGE_STANDARD = gnu11;
				GCC_DYNAMIC_NO_PIC = NO;
				GCC_NO_COMMON_BLOCKS = YES;
				GCC_OPTIMIZATION_LEVEL = 0;
				GCC_PREPROCESSOR_DEFINITIONS = (
					"DEBUG=1",
					"$(inherited)",
				);
				GCC_WARN_64_TO_32_BIT_CONVERSION = YES;
				GCC_WARN_ABOUT_RETURN_TYPE = YES_ERROR;
				GCC_WARN_UNDECLARED_SELECTOR = YES;
				GCC_WARN_UNINITIALIZED_AUTOS = YES_AGGRESSIVE;
				GCC_WARN_UNUSED_FUNCTION = YES;
				GCC_WARN_UNUSED_VARIABLE = YES;
				IPHONEOS_DEPLOYMENT_TARGET = 16.4;
				MTL_ENABLE_DEBUG_INFO = INCLUDE_SOURCE;
				MTL_FAST_MATH = YES;
				ONLY_ACTIVE_ARCH = YES;
				SDKROOT = iphoneos;
				SWIFT_ACTIVE_COMPILATION_CONDITIONS = DEBUG;
				SWIFT_OPTIMIZATION_LEVEL = "-Onone";
			};
			name = Debug;
		};
		3DB34D062A64C0E300B2B3DE /* Release */ = {
			isa = XCBuildConfiguration;
			buildSettings = {
				ALWAYS_SEARCH_USER_PATHS = NO;
				CLANG_ANALYZER_NONNULL = YES;
				CLANG_ANALYZER_NUMBER_OBJECT_CONVERSION = YES_AGGRESSIVE;
				CLANG_CXX_LANGUAGE_STANDARD = "gnu++20";
				CLANG_ENABLE_MODULES = YES;
				CLANG_ENABLE_OBJC_ARC = YES;
				CLANG_ENABLE_OBJC_WEAK = YES;
				CLANG_WARN_BLOCK_CAPTURE_AUTORELEASING = YES;
				CLANG_WARN_BOOL_CONVERSION = YES;
				CLANG_WARN_COMMA = YES;
				CLANG_WARN_CONSTANT_CONVERSION = YES;
				CLANG_WARN_DEPRECATED_OBJC_IMPLEMENTATIONS = YES;
				CLANG_WARN_DIRECT_OBJC_ISA_USAGE = YES_ERROR;
				CLANG_WARN_DOCUMENTATION_COMMENTS = YES;
				CLANG_WARN_EMPTY_BODY = YES;
				CLANG_WARN_ENUM_CONVERSION = YES;
				CLANG_WARN_INFINITE_RECURSION = YES;
				CLANG_WARN_INT_CONVERSION = YES;
				CLANG_WARN_NON_LITERAL_NULL_CONVERSION = YES;
				CLANG_WARN_OBJC_IMPLICIT_RETAIN_SELF = YES;
				CLANG_WARN_OBJC_LITERAL_CONVERSION = YES;
				CLANG_WARN_OBJC_ROOT_CLASS = YES_ERROR;
				CLANG_WARN_QUOTED_INCLUDE_IN_FRAMEWORK_HEADER = YES;
				CLANG_WARN_RANGE_LOOP_ANALYSIS = YES;
				CLANG_WARN_STRICT_PROTOTYPES = YES;
				CLANG_WARN_SUSPICIOUS_MOVE = YES;
				CLANG_WARN_UNGUARDED_AVAILABILITY = YES_AGGRESSIVE;
				CLANG_WARN_UNREACHABLE_CODE = YES;
				CLANG_WARN__DUPLICATE_METHOD_MATCH = YES;
				COPY_PHASE_STRIP = NO;
				DEBUG_INFORMATION_FORMAT = "dwarf-with-dsym";
				ENABLE_NS_ASSERTIONS = NO;
				ENABLE_STRICT_OBJC_MSGSEND = YES;
				GCC_C_LANGUAGE_STANDARD = gnu11;
				GCC_NO_COMMON_BLOCKS = YES;
				GCC_WARN_64_TO_32_BIT_CONVERSION = YES;
				GCC_WARN_ABOUT_RETURN_TYPE = YES_ERROR;
				GCC_WARN_UNDECLARED_SELECTOR = YES;
				GCC_WARN_UNINITIALIZED_AUTOS = YES_AGGRESSIVE;
				GCC_WARN_UNUSED_FUNCTION = YES;
				GCC_WARN_UNUSED_VARIABLE = YES;
				IPHONEOS_DEPLOYMENT_TARGET = 16.4;
				MTL_ENABLE_DEBUG_INFO = NO;
				MTL_FAST_MATH = YES;
				SDKROOT = iphoneos;
				SWIFT_COMPILATION_MODE = wholemodule;
				SWIFT_OPTIMIZATION_LEVEL = "-O";
				VALIDATE_PRODUCT = YES;
			};
			name = Release;
		};
		3DB34D082A64C0E300B2B3DE /* Debug */ = {
			isa = XCBuildConfiguration;
			buildSettings = {
				ASSETCATALOG_COMPILER_APPICON_NAME = AppIcon;
				ASSETCATALOG_COMPILER_GLOBAL_ACCENT_COLOR_NAME = AccentColor;
				CODE_SIGN_STYLE = Automatic;
				CURRENT_PROJECT_VERSION = 1;
				GENERATE_INFOPLIST_FILE = YES;
				INFOPLIST_FILE = "swift-tutorial-layout/Info.plist";
				INFOPLIST_KEY_UIApplicationSupportsIndirectInputEvents = YES;
				INFOPLIST_KEY_UILaunchStoryboardName = LaunchScreen;
				INFOPLIST_KEY_UIMainStoryboardFile = Main;
				INFOPLIST_KEY_UISupportedInterfaceOrientations_iPad = "UIInterfaceOrientationPortrait UIInterfaceOrientationPortraitUpsideDown UIInterfaceOrientationLandscapeLeft UIInterfaceOrientationLandscapeRight";
				INFOPLIST_KEY_UISupportedInterfaceOrientations_iPhone = "UIInterfaceOrientationPortrait UIInterfaceOrientationLandscapeLeft UIInterfaceOrientationLandscapeRight";
				LD_RUNPATH_SEARCH_PATHS = (
					"$(inherited)",
					"@executable_path/Frameworks",
				);
				MARKETING_VERSION = 1.0;
				PRODUCT_BUNDLE_IDENTIFIER = "GA.swift-tutorial-layout";
				PRODUCT_NAME = "$(TARGET_NAME)";
				SWIFT_EMIT_LOC_STRINGS = YES;
				SWIFT_VERSION = 5.0;
				TARGETED_DEVICE_FAMILY = "1,2";
			};
			name = Debug;
		};
		3DB34D092A64C0E300B2B3DE /* Release */ = {
			isa = XCBuildConfiguration;
			buildSettings = {
				ASSETCATALOG_COMPILER_APPICON_NAME = AppIcon;
				ASSETCATALOG_COMPILER_GLOBAL_ACCENT_COLOR_NAME = AccentColor;
				CODE_SIGN_STYLE = Automatic;
				CURRENT_PROJECT_VERSION = 1;
				GENERATE_INFOPLIST_FILE = YES;
				INFOPLIST_FILE = "swift-tutorial-layout/Info.plist";
				INFOPLIST_KEY_UIApplicationSupportsIndirectInputEvents = YES;
				INFOPLIST_KEY_UILaunchStoryboardName = LaunchScreen;
				INFOPLIST_KEY_UIMainStoryboardFile = Main;
				INFOPLIST_KEY_UISupportedInterfaceOrientations_iPad = "UIInterfaceOrientationPortrait UIInterfaceOrientationPortraitUpsideDown UIInterfaceOrientationLandscapeLeft UIInterfaceOrientationLandscapeRight";
				INFOPLIST_KEY_UISupportedInterfaceOrientations_iPhone = "UIInterfaceOrientationPortrait UIInterfaceOrientationLandscapeLeft UIInterfaceOrientationLandscapeRight";
				LD_RUNPATH_SEARCH_PATHS = (
					"$(inherited)",
					"@executable_path/Frameworks",
				);
				MARKETING_VERSION = 1.0;
				PRODUCT_BUNDLE_IDENTIFIER = "GA.swift-tutorial-layout";
				PRODUCT_NAME = "$(TARGET_NAME)";
				SWIFT_EMIT_LOC_STRINGS = YES;
				SWIFT_VERSION = 5.0;
				TARGETED_DEVICE_FAMILY = "1,2";
			};
			name = Release;
		};
/* End XCBuildConfiguration section */

/* Begin XCConfigurationList section */
		3DB34CEE2A64C0E100B2B3DE /* Build configuration list for PBXProject "swift-tutorial-layout" */ = {
			isa = XCConfigurationList;
			buildConfigurations = (
				3DB34D052A64C0E300B2B3DE /* Debug */,
				3DB34D062A64C0E300B2B3DE /* Release */,
			);
			defaultConfigurationIsVisible = 0;
			defaultConfigurationName = Release;
		};
		3DB34D072A64C0E300B2B3DE /* Build configuration list for PBXNativeTarget "swift-tutorial-layout" */ = {
			isa = XCConfigurationList;
			buildConfigurations = (
				3DB34D082A64C0E300B2B3DE /* Debug */,
				3DB34D092A64C0E300B2B3DE /* Release */,
			);
			defaultConfigurationIsVisible = 0;
			defaultConfigurationName = Release;
		};
/* End XCConfigurationList section */
	};
	rootObject = 3DB34CEB2A64C0E100B2B3DE /* Project object */;
}
